/home/aquevedo/projects/SUIT2control_rna_exome/res/bw/SUIT2_cont_BPM_merged.bw
/home/aquevedo/projects/SUIT2control_rna_exome/res/count_matrix.tsv
/home/aquevedo/projects/SUIT2control_rna_exome/data/align/SUIT2_cont_final_merged.bam
/home/aquevedo/projects/SUIT2control_rna_exome/data/align/SUIT2_cont_final_merged.bai
/home/aquevedo/projects/SUIT2control_rna_exome/data/align/SUIT2_cont_R1_sorted.bam
/home/aquevedo/projects/SUIT2control_rna_exome/data/align/SUIT2_cont_R2_sorted.bam
/home/aquevedo/projects/SUIT2control_rna_exome/data/align/SUIT2_cont_R3_sorted.bam
/home/aquevedo/projects/SUIT2control_rna_exome/data/align/SUIT2_cont_R1_all.bam
/home/aquevedo/fastq/GSE144833_SUIT2control_rna_exome/SUIT2_cont_R1_SRR11033336_R1.fastq.gz
/home/aquevedo/fastq/GSE144833_SUIT2control_rna_exome/SUIT2_cont_R1_SRR11033336_R2.fastq.gz
/home/aquevedo/projects/SUIT2control_rna_exome/data/align/SUIT2_cont_R2_all.bam
/home/aquevedo/fastq/GSE144833_SUIT2control_rna_exome/SUIT2_cont_R2_SRR11033337_R1.fastq.gz
/home/aquevedo/fastq/GSE144833_SUIT2control_rna_exome/SUIT2_cont_R2_SRR11033337_R2.fastq.gz
/home/aquevedo/projects/SUIT2control_rna_exome/data/align/SUIT2_cont_R3_all.bam
/home/aquevedo/fastq/GSE144833_SUIT2control_rna_exome/SUIT2_cont_R3_SRR11033338_R1.fastq.gz
/home/aquevedo/fastq/GSE144833_SUIT2control_rna_exome/SUIT2_cont_R3_SRR11033338_R2.fastq.gz
/home/aquevedo/projects/SUIT2control_rna_exome/data/align/SUIT2_cont_R1_sorted.bam
/home/aquevedo/projects/SUIT2control_rna_exome/data/align/SUIT2_cont_R2_sorted.bam
/home/aquevedo/projects/SUIT2control_rna_exome/data/align/SUIT2_cont_R3_sorted.bam
/home/aquevedo/projects/SUIT2control_rna_exome/data/align/SUIT2_cont_R1_sorted.bai
/home/aquevedo/projects/SUIT2control_rna_exome/data/align/SUIT2_cont_R2_sorted.bai
/home/aquevedo/projects/SUIT2control_rna_exome/data/align/SUIT2_cont_R3_sorted.bai
/home/aquevedo/projects/SUIT2control_rna_exome/data/align/SUIT2_cont_R1_sorted.bam
/home/aquevedo/projects/SUIT2control_rna_exome/data/align/SUIT2_cont_R2_sorted.bam
/home/aquevedo/projects/SUIT2control_rna_exome/data/align/SUIT2_cont_R3_sorted.bam
